
Microsoft Visual Studio Solution File, Format Version 12.00
# Visual Studio Version 17
VisualStudioVersion = 17.9.34310.174
MinimumVisualStudioVersion = 10.0.40219.1
Project("{8BC9CEB8-8B4A-11D0-8D11-00A0C91BC942}") = "sort an array of 0's 1's and 2s Dutch National flag algorithm", "sort an array of 0's 1's and 2s Dutch National flag algorithm.vcxproj", "{EFF9CF18-3951-4CAF-A0F5-FCB918574907}"
EndProject
Global
	GlobalSection(SolutionConfigurationPlatforms) = preSolution
		Debug|x64 = Debug|x64
		Debug|x86 = Debug|x86
		Release|x64 = Release|x64
		Release|x86 = Release|x86
	EndGlobalSection
	GlobalSection(ProjectConfigurationPlatforms) = postSolution
		{EFF9CF18-3951-4CAF-A0F5-FCB918574907}.Debug|x64.ActiveCfg = Debug|x64
		{EFF9CF18-3951-4CAF-A0F5-FCB918574907}.Debug|x64.Build.0 = Debug|x64
		{EFF9CF18-3951-4CAF-A0F5-FCB918574907}.Debug|x86.ActiveCfg = Debug|Win32
		{EFF9CF18-3951-4CAF-A0F5-FCB918574907}.Debug|x86.Build.0 = Debug|Win32
		{EFF9CF18-3951-4CAF-A0F5-FCB918574907}.Release|x64.ActiveCfg = Release|x64
		{EFF9CF18-3951-4CAF-A0F5-FCB918574907}.Release|x64.Build.0 = Release|x64
		{EFF9CF18-3951-4CAF-A0F5-FCB918574907}.Release|x86.ActiveCfg = Release|Win32
		{EFF9CF18-3951-4CAF-A0F5-FCB918574907}.Release|x86.Build.0 = Release|Win32
	EndGlobalSection
	GlobalSection(SolutionProperties) = preSolution
		HideSolutionNode = FALSE
	EndGlobalSection
	GlobalSection(ExtensibilityGlobals) = postSolution
		SolutionGuid = {A9D7D292-CEC5-44A9-A74C-D877584A0B2E}
	EndGlobalSection
EndGlobal
