
Microsoft Visual Studio Solution File, Format Version 12.00
# Visual Studio Version 17
VisualStudioVersion = 17.9.34310.174
MinimumVisualStudioVersion = 10.0.40219.1
Project("{8BC9CEB8-8B4A-11D0-8D11-00A0C91BC942}") = "Rainwater_Trapping_Problem_Dynamic_programming", "Rainwater_Trapping_Problem_Dynamic_programming.vcxproj", "{3044D372-2DAC-4234-93D4-B3D19C25403F}"
EndProject
Global
	GlobalSection(SolutionConfigurationPlatforms) = preSolution
		Debug|x64 = Debug|x64
		Debug|x86 = Debug|x86
		Release|x64 = Release|x64
		Release|x86 = Release|x86
	EndGlobalSection
	GlobalSection(ProjectConfigurationPlatforms) = postSolution
		{3044D372-2DAC-4234-93D4-B3D19C25403F}.Debug|x64.ActiveCfg = Debug|x64
		{3044D372-2DAC-4234-93D4-B3D19C25403F}.Debug|x64.Build.0 = Debug|x64
		{3044D372-2DAC-4234-93D4-B3D19C25403F}.Debug|x86.ActiveCfg = Debug|Win32
		{3044D372-2DAC-4234-93D4-B3D19C25403F}.Debug|x86.Build.0 = Debug|Win32
		{3044D372-2DAC-4234-93D4-B3D19C25403F}.Release|x64.ActiveCfg = Release|x64
		{3044D372-2DAC-4234-93D4-B3D19C25403F}.Release|x64.Build.0 = Release|x64
		{3044D372-2DAC-4234-93D4-B3D19C25403F}.Release|x86.ActiveCfg = Release|Win32
		{3044D372-2DAC-4234-93D4-B3D19C25403F}.Release|x86.Build.0 = Release|Win32
	EndGlobalSection
	GlobalSection(SolutionProperties) = preSolution
		HideSolutionNode = FALSE
	EndGlobalSection
	GlobalSection(ExtensibilityGlobals) = postSolution
		SolutionGuid = {C7499B45-7D25-496E-B494-FAD2220A2163}
	EndGlobalSection
EndGlobal
