
Microsoft Visual Studio Solution File, Format Version 12.00
# Visual Studio Version 17
VisualStudioVersion = 17.9.34310.174
MinimumVisualStudioVersion = 10.0.40219.1
Project("{8BC9CEB8-8B4A-11D0-8D11-00A0C91BC942}") = "Maximum_Product_of_triplet", "Maximum_Product_of_triplet.vcxproj", "{B7326BE6-0C07-4BF8-9C13-47B5CB6A5D60}"
EndProject
Global
	GlobalSection(SolutionConfigurationPlatforms) = preSolution
		Debug|x64 = Debug|x64
		Debug|x86 = Debug|x86
		Release|x64 = Release|x64
		Release|x86 = Release|x86
	EndGlobalSection
	GlobalSection(ProjectConfigurationPlatforms) = postSolution
		{B7326BE6-0C07-4BF8-9C13-47B5CB6A5D60}.Debug|x64.ActiveCfg = Debug|x64
		{B7326BE6-0C07-4BF8-9C13-47B5CB6A5D60}.Debug|x64.Build.0 = Debug|x64
		{B7326BE6-0C07-4BF8-9C13-47B5CB6A5D60}.Debug|x86.ActiveCfg = Debug|Win32
		{B7326BE6-0C07-4BF8-9C13-47B5CB6A5D60}.Debug|x86.Build.0 = Debug|Win32
		{B7326BE6-0C07-4BF8-9C13-47B5CB6A5D60}.Release|x64.ActiveCfg = Release|x64
		{B7326BE6-0C07-4BF8-9C13-47B5CB6A5D60}.Release|x64.Build.0 = Release|x64
		{B7326BE6-0C07-4BF8-9C13-47B5CB6A5D60}.Release|x86.ActiveCfg = Release|Win32
		{B7326BE6-0C07-4BF8-9C13-47B5CB6A5D60}.Release|x86.Build.0 = Release|Win32
	EndGlobalSection
	GlobalSection(SolutionProperties) = preSolution
		HideSolutionNode = FALSE
	EndGlobalSection
	GlobalSection(ExtensibilityGlobals) = postSolution
		SolutionGuid = {AC678E88-23DE-4DF4-BA53-B6A685DB5A72}
	EndGlobalSection
EndGlobal
